{
  "name": "controlled-merge_1.0.0",
  "lockfileVersion": 3,
  "requires": true,
  "packages": {
    "": {
      "dependencies": {
        "controlled-merge": "^1.3.0"
      }
    },
    "node_modules/clone": {
      "version": "1.0.4",
      "resolved": "https://registry.npmjs.org/clone/-/clone-1.0.4.tgz",
      "integrity": "sha512-JQHZ2QMW6l3aH/j6xCqQThY/9OH4D/9ls34cgkUBiEeocRTU04tHfKPBsUK1PqZCUQM7GiA0IIXJSuXHI64Kbg==",
      "license": "MIT",
      "engines": {
        "node": ">=0.8"
      }
    },
    "node_modules/controlled-merge": {
      "version": "1.3.0",
      "resolved": "https://registry.npmjs.org/controlled-merge/-/controlled-merge-1.3.0.tgz",
      "integrity": "sha512-W/c44KXmbu8CrW0DCfuq30rluI1mPR3rRbhEQho0eNnH7xlw29t8EP7Pf6zPM+obiSTjn5+1Ca9/l6EVmgzIGw==",
      "license": "MIT",
      "dependencies": {
        "clone": "^1.0.2"
      }
    }
  }
}
